
Microsoft Visual Studio Solution File, Format Version 12.00
# Visual Studio Version 17
VisualStudioVersion = 17.7.34031.279
MinimumVisualStudioVersion = 10.0.40219.1
Project("{FAE04EC0-301F-11D3-BF4B-00C04F79EFBC}") = "WebApplication7", "WebApplication7.csproj", "{3BED5829-2EC2-43C7-8DDF-FC5B61BB112A}"
EndProject
Global
	GlobalSection(SolutionConfigurationPlatforms) = preSolution
		Debug|Any CPU = Debug|Any CPU
		Release|Any CPU = Release|Any CPU
	EndGlobalSection
	GlobalSection(ProjectConfigurationPlatforms) = postSolution
		{3BED5829-2EC2-43C7-8DDF-FC5B61BB112A}.Debug|Any CPU.ActiveCfg = Debug|Any CPU
		{3BED5829-2EC2-43C7-8DDF-FC5B61BB112A}.Debug|Any CPU.Build.0 = Debug|Any CPU
		{3BED5829-2EC2-43C7-8DDF-FC5B61BB112A}.Release|Any CPU.ActiveCfg = Release|Any CPU
		{3BED5829-2EC2-43C7-8DDF-FC5B61BB112A}.Release|Any CPU.Build.0 = Release|Any CPU
	EndGlobalSection
	GlobalSection(SolutionProperties) = preSolution
		HideSolutionNode = FALSE
	EndGlobalSection
	GlobalSection(ExtensibilityGlobals) = postSolution
		SolutionGuid = {B073103F-4D1B-478E-938E-5027A9A9A8F7}
	EndGlobalSection
EndGlobal
