
Microsoft Visual Studio Solution File, Format Version 12.00
# Visual Studio Version 17
VisualStudioVersion = 17.6.33829.357
MinimumVisualStudioVersion = 10.0.40219.1
Project("{FAE04EC0-301F-11D3-BF4B-00C04F79EFBC}") = "Addition", "Addition\Addition.csproj", "{03C93030-6D02-47B7-920D-547AB658044E}"
EndProject
Global
	GlobalSection(SolutionConfigurationPlatforms) = preSolution
		Debug|Any CPU = Debug|Any CPU
		Release|Any CPU = Release|Any CPU
	EndGlobalSection
	GlobalSection(ProjectConfigurationPlatforms) = postSolution
		{03C93030-6D02-47B7-920D-547AB658044E}.Debug|Any CPU.ActiveCfg = Debug|Any CPU
		{03C93030-6D02-47B7-920D-547AB658044E}.Debug|Any CPU.Build.0 = Debug|Any CPU
		{03C93030-6D02-47B7-920D-547AB658044E}.Release|Any CPU.ActiveCfg = Release|Any CPU
		{03C93030-6D02-47B7-920D-547AB658044E}.Release|Any CPU.Build.0 = Release|Any CPU
	EndGlobalSection
	GlobalSection(SolutionProperties) = preSolution
		HideSolutionNode = FALSE
	EndGlobalSection
	GlobalSection(ExtensibilityGlobals) = postSolution
		SolutionGuid = {4C5B143F-1B0C-49C4-9FD2-2076AD0FEC84}
	EndGlobalSection
EndGlobal
